
Microsoft Visual Studio Solution File, Format Version 12.00
# Visual Studio Version 17
VisualStudioVersion = 17.0.31903.59
MinimumVisualStudioVersion = 10.0.40219.1
Project("{FAE04EC0-301F-11D3-BF4B-00C04F79EFBC}") = "PrimeService", "PrimeService\PrimeService.csproj", "{80975C9A-42E6-4E3E-BC05-17557D55DBEE}"
EndProject
Project("{FAE04EC0-301F-11D3-BF4B-00C04F79EFBC}") = "PrimeService.Tests", "PrimeService.Tests\PrimeService.Tests.csproj", "{2E759BE1-8C22-475D-AC0F-6C891D7A1D65}"
EndProject
Global
	GlobalSection(SolutionConfigurationPlatforms) = preSolution
		Debug|Any CPU = Debug|Any CPU
		Debug|x64 = Debug|x64
		Debug|x86 = Debug|x86
		Release|Any CPU = Release|Any CPU
		Release|x64 = Release|x64
		Release|x86 = Release|x86
	EndGlobalSection
	GlobalSection(ProjectConfigurationPlatforms) = postSolution
		{80975C9A-42E6-4E3E-BC05-17557D55DBEE}.Debug|Any CPU.ActiveCfg = Debug|Any CPU
		{80975C9A-42E6-4E3E-BC05-17557D55DBEE}.Debug|Any CPU.Build.0 = Debug|Any CPU
		{80975C9A-42E6-4E3E-BC05-17557D55DBEE}.Debug|x64.ActiveCfg = Debug|Any CPU
		{80975C9A-42E6-4E3E-BC05-17557D55DBEE}.Debug|x64.Build.0 = Debug|Any CPU
		{80975C9A-42E6-4E3E-BC05-17557D55DBEE}.Debug|x86.ActiveCfg = Debug|Any CPU
		{80975C9A-42E6-4E3E-BC05-17557D55DBEE}.Debug|x86.Build.0 = Debug|Any CPU
		{80975C9A-42E6-4E3E-BC05-17557D55DBEE}.Release|Any CPU.ActiveCfg = Release|Any CPU
		{80975C9A-42E6-4E3E-BC05-17557D55DBEE}.Release|Any CPU.Build.0 = Release|Any CPU
		{80975C9A-42E6-4E3E-BC05-17557D55DBEE}.Release|x64.ActiveCfg = Release|Any CPU
		{80975C9A-42E6-4E3E-BC05-17557D55DBEE}.Release|x64.Build.0 = Release|Any CPU
		{80975C9A-42E6-4E3E-BC05-17557D55DBEE}.Release|x86.ActiveCfg = Release|Any CPU
		{80975C9A-42E6-4E3E-BC05-17557D55DBEE}.Release|x86.Build.0 = Release|Any CPU
		{2E759BE1-8C22-475D-AC0F-6C891D7A1D65}.Debug|Any CPU.ActiveCfg = Debug|Any CPU
		{2E759BE1-8C22-475D-AC0F-6C891D7A1D65}.Debug|Any CPU.Build.0 = Debug|Any CPU
		{2E759BE1-8C22-475D-AC0F-6C891D7A1D65}.Debug|x64.ActiveCfg = Debug|Any CPU
		{2E759BE1-8C22-475D-AC0F-6C891D7A1D65}.Debug|x64.Build.0 = Debug|Any CPU
		{2E759BE1-8C22-475D-AC0F-6C891D7A1D65}.Debug|x86.ActiveCfg = Debug|Any CPU
		{2E759BE1-8C22-475D-AC0F-6C891D7A1D65}.Debug|x86.Build.0 = Debug|Any CPU
		{2E759BE1-8C22-475D-AC0F-6C891D7A1D65}.Release|Any CPU.ActiveCfg = Release|Any CPU
		{2E759BE1-8C22-475D-AC0F-6C891D7A1D65}.Release|Any CPU.Build.0 = Release|Any CPU
		{2E759BE1-8C22-475D-AC0F-6C891D7A1D65}.Release|x64.ActiveCfg = Release|Any CPU
		{2E759BE1-8C22-475D-AC0F-6C891D7A1D65}.Release|x64.Build.0 = Release|Any CPU
		{2E759BE1-8C22-475D-AC0F-6C891D7A1D65}.Release|x86.ActiveCfg = Release|Any CPU
		{2E759BE1-8C22-475D-AC0F-6C891D7A1D65}.Release|x86.Build.0 = Release|Any CPU
	EndGlobalSection
	GlobalSection(SolutionProperties) = preSolution
		HideSolutionNode = FALSE
	EndGlobalSection
EndGlobal
